
Microsoft Visual Studio Solution File, Format Version 12.00
# Visual Studio Version 16
VisualStudioVersion = 16.0.31729.503
MinimumVisualStudioVersion = 10.0.40219.1
Project("{FAE04EC0-301F-11D3-BF4B-00C04F79EFBC}") = "Calculadora", "Calculadora.csproj", "{B96BE046-D6B4-4A9B-8528-05F1951E8F70}"
EndProject
Project("{FAE04EC0-301F-11D3-BF4B-00C04F79EFBC}") = "Calculadora.Process", "..\Calculadora.Process\Calculadora.Process.csproj", "{5717B387-1553-4C5C-8926-D73E3D06C680}"
EndProject
Global
	GlobalSection(SolutionConfigurationPlatforms) = preSolution
		Debug|Any CPU = Debug|Any CPU
		Release|Any CPU = Release|Any CPU
	EndGlobalSection
	GlobalSection(ProjectConfigurationPlatforms) = postSolution
		{B96BE046-D6B4-4A9B-8528-05F1951E8F70}.Debug|Any CPU.ActiveCfg = Debug|Any CPU
		{B96BE046-D6B4-4A9B-8528-05F1951E8F70}.Debug|Any CPU.Build.0 = Debug|Any CPU
		{B96BE046-D6B4-4A9B-8528-05F1951E8F70}.Release|Any CPU.ActiveCfg = Release|Any CPU
		{B96BE046-D6B4-4A9B-8528-05F1951E8F70}.Release|Any CPU.Build.0 = Release|Any CPU
		{5717B387-1553-4C5C-8926-D73E3D06C680}.Debug|Any CPU.ActiveCfg = Debug|Any CPU
		{5717B387-1553-4C5C-8926-D73E3D06C680}.Debug|Any CPU.Build.0 = Debug|Any CPU
		{5717B387-1553-4C5C-8926-D73E3D06C680}.Release|Any CPU.ActiveCfg = Release|Any CPU
		{5717B387-1553-4C5C-8926-D73E3D06C680}.Release|Any CPU.Build.0 = Release|Any CPU
	EndGlobalSection
	GlobalSection(SolutionProperties) = preSolution
		HideSolutionNode = FALSE
	EndGlobalSection
	GlobalSection(ExtensibilityGlobals) = postSolution
		SolutionGuid = {CA7FA28A-46BA-4BB1-BA4E-1AD8852777E4}
	EndGlobalSection
EndGlobal
