
Microsoft Visual Studio Solution File, Format Version 12.00
# Visual Studio Version 16
VisualStudioVersion = 16.0.31729.503
MinimumVisualStudioVersion = 10.0.40219.1
Project("{9A19103F-16F7-4668-BE54-9A1E7A4F7556}") = "Calculadora", "Calculadora\Calculadora.csproj", "{E5C319E5-0587-4F63-B438-CF2E8FE1F648}"
EndProject
Project("{9A19103F-16F7-4668-BE54-9A1E7A4F7556}") = "Calculadora.Process", "Calculadora.Process\Calculadora.Process.csproj", "{25D2BCEB-FBB9-47D1-B150-364280C59B34}"
EndProject
Global
	GlobalSection(SolutionConfigurationPlatforms) = preSolution
		Debug|Any CPU = Debug|Any CPU
		Release|Any CPU = Release|Any CPU
	EndGlobalSection
	GlobalSection(ProjectConfigurationPlatforms) = postSolution
		{E5C319E5-0587-4F63-B438-CF2E8FE1F648}.Debug|Any CPU.ActiveCfg = Debug|Any CPU
		{E5C319E5-0587-4F63-B438-CF2E8FE1F648}.Debug|Any CPU.Build.0 = Debug|Any CPU
		{E5C319E5-0587-4F63-B438-CF2E8FE1F648}.Release|Any CPU.ActiveCfg = Release|Any CPU
		{E5C319E5-0587-4F63-B438-CF2E8FE1F648}.Release|Any CPU.Build.0 = Release|Any CPU
		{25D2BCEB-FBB9-47D1-B150-364280C59B34}.Debug|Any CPU.ActiveCfg = Debug|Any CPU
		{25D2BCEB-FBB9-47D1-B150-364280C59B34}.Debug|Any CPU.Build.0 = Debug|Any CPU
		{25D2BCEB-FBB9-47D1-B150-364280C59B34}.Release|Any CPU.ActiveCfg = Release|Any CPU
		{25D2BCEB-FBB9-47D1-B150-364280C59B34}.Release|Any CPU.Build.0 = Release|Any CPU
	EndGlobalSection
	GlobalSection(SolutionProperties) = preSolution
		HideSolutionNode = FALSE
	EndGlobalSection
	GlobalSection(ExtensibilityGlobals) = postSolution
		SolutionGuid = {CA7FA28A-46BA-4BB1-BA4E-1AD8852777E4}
	EndGlobalSection
EndGlobal
